{
  "version": 1,
  "dependencies": {
    "net10.0": {
      "Microsoft.AspNet.WebApi.Client": {
        "type": "Direct",
        "requested": "[6.0.0, )",
        "resolved": "6.0.0",
        "contentHash": "zXeWP03dTo67AoDHUzR+/urck0KFssdCKOC+dq7Nv1V2YbFh/nIg09L0/3wSvyRONEdwxGB/ssEGmPNIIhAcAw==",
        "dependencies": {
          "Newtonsoft.Json": "13.0.1",
          "Newtonsoft.Json.Bson": "1.0.2"
        }
      },
      "Microsoft.AspNetCore.App.Internal.Assets": {
        "type": "Direct",
        "requested": "[10.0.3, )",
        "resolved": "10.0.3",
        "contentHash": "mr3Zn+ht8lijYvlMIasftw9opU9hsLKDdnOgQMmYI3RjWPJLOF9l8+YHDseRkTs97wOrULmJgo/NDCmzL/EGDg=="
      },
      "Microsoft.AspNetCore.Authentication.Negotiate": {
        "type": "Direct",
        "requested": "[10.0.3, )",
        "resolved": "10.0.3",
        "contentHash": "tRCbHiNzXnlzenUCS9U8LGLLPia/YvfD+gP4Urqq2RZO1YEs0qG+CzPOm0n/DA0YfF2IQvmqzGFcX1/FsiYeNw==",
        "dependencies": {
          "System.DirectoryServices.Protocols": "10.0.3"
        }
      },
      "System.DirectoryServices.AccountManagement": {
        "type": "Direct",
        "requested": "[10.0.3, )",
        "resolved": "10.0.3",
        "contentHash": "mllqB05qE2q9AHpyy5yKMSdz66AKCYQPP1I7Ny4+YjaMy7ttI91Ga/NWjOf7iPCXv1PHvgKHVtDrltm7yGKJPw==",
        "dependencies": {
          "System.Configuration.ConfigurationManager": "10.0.3",
          "System.DirectoryServices": "10.0.3",
          "System.DirectoryServices.Protocols": "10.0.3"
        }
      },
      "Telerik.UI.for.Blazor": {
        "type": "Direct",
        "requested": "[13.0.0, )",
        "resolved": "13.0.0",
        "contentHash": "QCnfxmfz93QehtVbvXv/dPcHsb4nJrtK3PbPvCsaAj7LEKwmqRcG/DkfEUzNLalGsa4ngPvA02mdHRRAp9BPZQ==",
        "dependencies": {
          "Microsoft.Extensions.AI.Abstractions": "9.5.0",
          "Telerik.AI.SmartComponents.Extensions": "2.1.0",
          "Telerik.DataSource": "4.0.1",
          "Telerik.Documents.Spreadsheet": "2026.1.210",
          "Telerik.Documents.Spreadsheet.FormatProviders.Pdf": "2026.1.210",
          "Telerik.Documents.SpreadsheetStreaming": "2026.1.210",
          "Telerik.FontIcons": "4.8.0",
          "Telerik.Licensing": "[1.6.40, 2.0.0)",
          "Telerik.Pivot.Core": "0.1.7",
          "Telerik.Pivot.DataProviders.Xmla": "0.1.8",
          "Telerik.Recurrence": "0.2.7",
          "Telerik.SvgIcons": "4.8.0",
          "Telerik.Zip": "2026.1.210"
        }
      },
      "Microsoft.Extensions.AI": {
        "type": "Transitive",
        "resolved": "9.5.0",
        "contentHash": "RBq/TspXI7UScO5+fHXIrnlDvX8pnvFcHWag3OPPivJgjqmI/RF70dpTPmMIly9dG+z+86kLP2KGkA2UiZ9tVQ==",
        "dependencies": {
          "Microsoft.Extensions.AI.Abstractions": "9.5.0"
        }
      },
      "Microsoft.Extensions.AI.Abstractions": {
        "type": "Transitive",
        "resolved": "9.5.0",
        "contentHash": "Y46j1S4zOPtLAHCUzhHIm1IhCMr7764754bLYupyc1JZcvLNXjUk+VC7H3Bou20S2hHgDJnfox7X/H/3BYEvzA=="
      },
      "Newtonsoft.Json": {
        "type": "Transitive",
        "resolved": "13.0.1",
        "contentHash": "ppPFpBcvxdsfUonNcvITKqLl3bqxWbDCZIzDWHzjpdAHRFfZe0Dw9HmA0+za13IdyrgJwpkDTDA9fHaxOrt20A=="
      },
      "Newtonsoft.Json.Bson": {
        "type": "Transitive",
        "resolved": "1.0.2",
        "contentHash": "QYFyxhaABwmq3p/21VrZNYvCg3DaEoN/wUuw5nmfAf0X3HLjgupwhkEWdgfb9nvGAUIv3osmZoD3kKl4jxEmYQ==",
        "dependencies": {
          "Newtonsoft.Json": "12.0.1"
        }
      },
      "System.Configuration.ConfigurationManager": {
        "type": "Transitive",
        "resolved": "10.0.3",
        "contentHash": "69ZT/MYxQSxwdiiHRtI08noXiG5drj/bXDDZISmeWkNUtbIfYgmTiof16tCVOLTdmSQY7W7gwxkMliKdreWHGQ==",
        "dependencies": {
          "System.Security.Cryptography.ProtectedData": "10.0.3"
        }
      },
      "System.DirectoryServices": {
        "type": "Transitive",
        "resolved": "10.0.3",
        "contentHash": "sqjtVOs35ortRSABZBhUq1YYtP9ScGMyix+F12K214KkAnfL1D8dS3oXl4U5uA4tsuP/WAiFf3rMvktkh/x1hA=="
      },
      "System.DirectoryServices.Protocols": {
        "type": "Transitive",
        "resolved": "10.0.3",
        "contentHash": "LsmWlhBLelsI0+oHjgZd+WeeX/60TazKv/7xE+z88zONMerx2JWklfmpmOO6VHr1sys5bIJWHtjxhjRruVa4jg=="
      },
      "System.Security.Cryptography.Pkcs": {
        "type": "Transitive",
        "resolved": "9.0.9",
        "contentHash": "Y7/wY5lqrzJOu53yLFLPGaeKBcdWNw193udOFRB2joFDVpXLkmfPpfgks7dEIJYPIrW4k3onwR+4nQz6vIaaqA=="
      },
      "System.Security.Cryptography.ProtectedData": {
        "type": "Transitive",
        "resolved": "10.0.3",
        "contentHash": "JCKbH/CN5l0CSoJBILEvJmNQVp5vV+FY3q2ue4K9p4eDT4mFEv0bjTQCV+MD6Qk1b/qk9fWmZZKhG1TklbXw1Q=="
      },
      "Telerik.AI.SmartComponents.Extensions": {
        "type": "Transitive",
        "resolved": "2.1.0",
        "contentHash": "yuOYXSkQ3orgryqYki0kodCpkRCFqjxybWI4VG4YTeFN+uWOhkX8g1z8yncYzXQhwBKhVjrhHI16g0VV9zpUdQ==",
        "dependencies": {
          "Microsoft.Extensions.AI": "9.5.0"
        }
      },
      "Telerik.DataSource": {
        "type": "Transitive",
        "resolved": "4.0.1",
        "contentHash": "YhQc+uVcLYViURMzZClABE1T6FfOdJUjT6/Bc24OcHbmQSzaXTXN77q5fhPpvERXA4kJyLnzEfLR8I8nzrg/ZQ=="
      },
      "Telerik.Documents.Core": {
        "type": "Transitive",
        "resolved": "2026.1.210",
        "contentHash": "r5gqqeZNBtJq/H3OqIjt+WWyWUgT0X3VRv7fqII6Mr0+qoLCmQZ3F69LBTzKqV59/sPVl/SuAHbmljHHvvI8Aw==",
        "dependencies": {
          "Telerik.Licensing": "[1.6.40, 2.0.0)"
        }
      },
      "Telerik.Documents.Fixed": {
        "type": "Transitive",
        "resolved": "2026.1.210",
        "contentHash": "VPEOuM4j/fedFt1Z0LCXXZoT0fIueCym4gYT4QKH8fjN5E6mBQfrAaciEV6kIXWBESQ5RZC8sMhbVW2LX6qx8A==",
        "dependencies": {
          "System.Security.Cryptography.Pkcs": "9.0.9",
          "Telerik.Documents.Core": "[2026.1.210]",
          "Telerik.Licensing": "[1.6.40, 2.0.0)"
        }
      },
      "Telerik.Documents.Spreadsheet": {
        "type": "Transitive",
        "resolved": "2026.1.210",
        "contentHash": "tn93rFt5r1JI+pNLggtzzhrEnUoR0B9w8OSKyYjuOz8wu/Na+19Okr8BymOguCoGQnf5v9MIEMajrBZ5kyHptg==",
        "dependencies": {
          "Telerik.Documents.Core": "[2026.1.210]",
          "Telerik.Licensing": "[1.6.40, 2.0.0)"
        }
      },
      "Telerik.Documents.Spreadsheet.FormatProviders.Pdf": {
        "type": "Transitive",
        "resolved": "2026.1.210",
        "contentHash": "Vho1Q1HikoZUshDlAl6dTXy3fPMuH6wu0H2MaSRwTvKlWIrppGWZnvVPY8XCXJIYe3VYIs+tQq/ZDJMsPZCw4Q==",
        "dependencies": {
          "Telerik.Documents.Core": "[2026.1.210]",
          "Telerik.Documents.Fixed": "[2026.1.210]",
          "Telerik.Documents.Spreadsheet": "[2026.1.210]",
          "Telerik.Licensing": "[1.6.40, 2.0.0)"
        }
      },
      "Telerik.Documents.SpreadsheetStreaming": {
        "type": "Transitive",
        "resolved": "2026.1.210",
        "contentHash": "cAtgYKEJT0Dc6aYQ+cGVADwizukIpUenKx5SFR6ujaBe6SHoYauWSUYMtr1wxUe9McfonzGyT+A/FwO97w3oPw==",
        "dependencies": {
          "Telerik.Licensing": "[1.6.40, 2.0.0)"
        }
      },
      "Telerik.FontIcons": {
        "type": "Transitive",
        "resolved": "4.8.0",
        "contentHash": "p3sBv3NgyeMwASBzWaTLTFnAaTq24nKXz6ofBC9geqB8r6t6AafIQl3D4T8dtAcB2xqvfTTjAdQIb+sx060BrA=="
      },
      "Telerik.Licensing": {
        "type": "Transitive",
        "resolved": "1.6.40",
        "contentHash": "GMGBM+0vGdMbpM6DW70NwdKq8je+VU9DL8xURHRmP2y79VdUnHsta5CzYoMu5KhawVPNMWWj0YBJGkFGHUGwdg=="
      },
      "Telerik.Pivot.Core": {
        "type": "Transitive",
        "resolved": "0.1.7",
        "contentHash": "4LiDUL1GjhaMvt8AfSMgVOMmrh1G7lli0AXuw7e3qTsXFYDBvPSYSPDk0F4Vokd6EPNfizdplrgO5talWqI5Bw=="
      },
      "Telerik.Pivot.DataProviders.Xmla": {
        "type": "Transitive",
        "resolved": "0.1.8",
        "contentHash": "X0uhDnLT3cHt5dN4OEKhqW2hvsBA4LQkWxtfsVIaXfWCWzfHmDyluRJ7p2Z3rSeqU22lyVE0nfQdmpo5UYL9/Q==",
        "dependencies": {
          "Telerik.Pivot.Core": "0.1.7"
        }
      },
      "Telerik.Recurrence": {
        "type": "Transitive",
        "resolved": "0.2.7",
        "contentHash": "RZNtBRKtd2V8VU7oxO+39doBwXKD+W3KZ15j40PEB9R3lzkOpbYk6dWPAFv5d+dV2MAt4J7wUcpe2Ql9DPjeVA=="
      },
      "Telerik.SvgIcons": {
        "type": "Transitive",
        "resolved": "4.8.0",
        "contentHash": "CAWiJd6SB+AECyfL7bGjDpzxgoElt6gqEf7aDpUzi8KIgrqvQhum0y9lZa1ez7VtcdzLl6fMgpjTAy8Y9Wapjg=="
      },
      "Telerik.Zip": {
        "type": "Transitive",
        "resolved": "2026.1.210",
        "contentHash": "aTsAQQeO3+a7FHjxd8vWrVeFfoYkQGOywWHMsWubvo/v1b4dPCn+Mp5IruwT2FW+ssaNOBw8kuLDk4slo8Csjw==",
        "dependencies": {
          "Telerik.Licensing": "[1.6.40, 2.0.0)"
        }
      },
      "log.models": {
        "type": "Project"
      }
    },
    "net10.0/win-x64": {
      "System.DirectoryServices.AccountManagement": {
        "type": "Direct",
        "requested": "[10.0.3, )",
        "resolved": "10.0.3",
        "contentHash": "mllqB05qE2q9AHpyy5yKMSdz66AKCYQPP1I7Ny4+YjaMy7ttI91Ga/NWjOf7iPCXv1PHvgKHVtDrltm7yGKJPw==",
        "dependencies": {
          "System.Configuration.ConfigurationManager": "10.0.3",
          "System.DirectoryServices": "10.0.3",
          "System.DirectoryServices.Protocols": "10.0.3"
        }
      },
      "System.DirectoryServices": {
        "type": "Transitive",
        "resolved": "10.0.3",
        "contentHash": "sqjtVOs35ortRSABZBhUq1YYtP9ScGMyix+F12K214KkAnfL1D8dS3oXl4U5uA4tsuP/WAiFf3rMvktkh/x1hA=="
      },
      "System.DirectoryServices.Protocols": {
        "type": "Transitive",
        "resolved": "10.0.3",
        "contentHash": "LsmWlhBLelsI0+oHjgZd+WeeX/60TazKv/7xE+z88zONMerx2JWklfmpmOO6VHr1sys5bIJWHtjxhjRruVa4jg=="
      },
      "System.Security.Cryptography.Pkcs": {
        "type": "Transitive",
        "resolved": "9.0.9",
        "contentHash": "Y7/wY5lqrzJOu53yLFLPGaeKBcdWNw193udOFRB2joFDVpXLkmfPpfgks7dEIJYPIrW4k3onwR+4nQz6vIaaqA=="
      }
    }
  }
}